<?xml version="1.0" encoding="utf-8"?>
<Project ToolsVersion="4.0" xmlns="http://schemas.microsoft.com/developer/msbuild/2003">
  <ItemGroup>
    <ClCompile Include="Main.cpp" />
  </ItemGroup>
  <ItemGroup>
    <None Include="packages.config" />
    <None Include="readme.md" />
  </ItemGroup>
  <ItemGroup>
    <Filter Include="WebSource">
      <UniqueIdentifier>{5f6a8ca7-61c4-4581-8266-6fdcb105f16a}</UniqueIdentifier>
    </Filter>
    <Filter Include="Inc">
      <UniqueIdentifier>{b43f5d20-ef43-45c4-a228-504af7a6de74}</UniqueIdentifier>
    </Filter>
  </ItemGroup>
  <ItemGroup>
    <CopyFileToFolders Include="src\index.ts">
      <Filter>WebSource</Filter>
    </CopyFileToFolders>
    <CopyFileToFolders Include="src\index.html">
      <Filter>WebSource</Filter>
    </CopyFileToFolders>
  </ItemGroup>
  <ItemGroup>
    <ClInclude Include="Inc\webview2.h">
      <Filter>Inc</Filter>
    </ClInclude>
    <ClInclude Include="Inc\WebView2EnvironmentOptions.h">
      <Filter>Inc</Filter>
    </ClInclude>
  </ItemGroup>
</Project>